name: Update flake.lock

on:
  workflow_call:
    inputs:
      pr-title:
        description: Title for the update PR
        required: false
        type: string
        default: "chore: update flake.lock"

jobs:
  update:
    runs-on: ubuntu-latest
    steps:
      - uses: actions/checkout@34e114876b0b11c390a56381ad16ebd13914f8d5 # v4 # zizmor: ignore[artipacked]
      - uses: DeterminateSystems/nix-installer-action@e50d5f73bfe71c2dd0aa4218de8f4afa59f8f81d # v16
      - uses: DeterminateSystems/update-flake-lock@a2bbe0274e3a0c4194390a1e445f734c597ebc37 # v24
        with:
          pr-title: ${{ inputs.pr-title }}
